// !$*UTF8*$!
{
	archiveVersion = 1;
	classes = {
	};
	objectVersion = 50;
	objects = {

/* Begin PBXBuildFile section */
		717AE96721A3EE8A009C9AC9 /* AppDelegate.m in Sources */ = {isa = PBXBuildFile; fileRef = 717AE96621A3EE8A009C9AC9 /* AppDelegate.m */; };
		717AE96A21A3EE8B009C9AC9 /* ViewController.m in Sources */ = {isa = PBXBuildFile; fileRef = 717AE96921A3EE8B009C9AC9 /* ViewController.m */; };
		717AE96D21A3EE8B009C9AC9 /* Main.storyboard in Resources */ = {isa = PBXBuildFile; fileRef = 717AE96B21A3EE8B009C9AC9 /* Main.storyboard */; };
		717AE96F21A3EE8D009C9AC9 /* Assets.xcassets in Resources */ = {isa = PBXBuildFile; fileRef = 717AE96E21A3EE8D009C9AC9 /* Assets.xcassets */; };
		717AE97221A3EE8D009C9AC9 /* LaunchScreen.storyboard in Resources */ = {isa = PBXBuildFile; fileRef = 717AE97021A3EE8D009C9AC9 /* LaunchScreen.storyboard */; };
		717AE97521A3EE8D009C9AC9 /* main.m in Sources */ = {isa = PBXBuildFile; fileRef = 717AE97421A3EE8D009C9AC9 /* main.m */; };
		717AE97F21A3EE8D009C9AC9 /* TableViewMenuTests.m in Sources */ = {isa = PBXBuildFile; fileRef = 717AE97E21A3EE8D009C9AC9 /* TableViewMenuTests.m */; };
		717AE98A21A3EE8D009C9AC9 /* TableViewMenuUITests.m in Sources */ = {isa = PBXBuildFile; fileRef = 717AE98921A3EE8D009C9AC9 /* TableViewMenuUITests.m */; };
		717AE99B21A3EEF3009C9AC9 /* MainTableView.m in Sources */ = {isa = PBXBuildFile; fileRef = 717AE99A21A3EEF3009C9AC9 /* MainTableView.m */; };
		717AE9A021A3F054009C9AC9 /* DetailViewContentView.m in Sources */ = {isa = PBXBuildFile; fileRef = 717AE99D21A3F053009C9AC9 /* DetailViewContentView.m */; };
		717AE9A121A3F054009C9AC9 /* SegmentTitleView.m in Sources */ = {isa = PBXBuildFile; fileRef = 717AE99E21A3F053009C9AC9 /* SegmentTitleView.m */; };
		717AE9A421A3F1CA009C9AC9 /* ContentCell.m in Sources */ = {isa = PBXBuildFile; fileRef = 717AE9A321A3F1CA009C9AC9 /* ContentCell.m */; };
		717AE9A721A3F25F009C9AC9 /* SegmentWebViewVC.m in Sources */ = {isa = PBXBuildFile; fileRef = 717AE9A621A3F25F009C9AC9 /* SegmentWebViewVC.m */; };
		717AE9AA21A3F376009C9AC9 /* SegmentListViewVC.m in Sources */ = {isa = PBXBuildFile; fileRef = 717AE9A921A3F376009C9AC9 /* SegmentListViewVC.m */; };
		717AE9AD21A3F7C1009C9AC9 /* 02.png in Resources */ = {isa = PBXBuildFile; fileRef = 717AE9AB21A3F7C1009C9AC9 /* 02.png */; };
		717AE9AE21A3F7C1009C9AC9 /* 01.png in Resources */ = {isa = PBXBuildFile; fileRef = 717AE9AC21A3F7C1009C9AC9 /* 01.png */; };
/* End PBXBuildFile section */

/* Begin PBXContainerItemProxy section */
		717AE97B21A3EE8D009C9AC9 /* PBXContainerItemProxy */ = {
			isa = PBXContainerItemProxy;
			containerPortal = 717AE95A21A3EE8A009C9AC9 /* Project object */;
			proxyType = 1;
			remoteGlobalIDString = 717AE96121A3EE8A009C9AC9;
			remoteInfo = TableViewMenu;
		};
		717AE98621A3EE8D009C9AC9 /* PBXContainerItemProxy */ = {
			isa = PBXContainerItemProxy;
			containerPortal = 717AE95A21A3EE8A009C9AC9 /* Project object */;
			proxyType = 1;
			remoteGlobalIDString = 717AE96121A3EE8A009C9AC9;
			remoteInfo = TableViewMenu;
		};
/* End PBXContainerItemProxy section */

/* Begin PBXFileReference section */
		717AE96221A3EE8A009C9AC9 /* TableViewMenu.app */ = {isa = PBXFileReference; explicitFileType = wrapper.application; includeInIndex = 0; path = TableViewMenu.app; sourceTree = BUILT_PRODUCTS_DIR; };
		717AE96521A3EE8A009C9AC9 /* AppDelegate.h */ = {isa = PBXFileReference; lastKnownFileType = sourcecode.c.h; path = AppDelegate.h; sourceTree = "<group>"; };
		717AE96621A3EE8A009C9AC9 /* AppDelegate.m */ = {isa = PBXFileReference; lastKnownFileType = sourcecode.c.objc; path = AppDelegate.m; sourceTree = "<group>"; };
		717AE96821A3EE8A009C9AC9 /* ViewController.h */ = {isa = PBXFileReference; lastKnownFileType = sourcecode.c.h; path = ViewController.h; sourceTree = "<group>"; };
		717AE96921A3EE8B009C9AC9 /* ViewController.m */ = {isa = PBXFileReference; lastKnownFileType = sourcecode.c.objc; path = ViewController.m; sourceTree = "<group>"; };
		717AE96C21A3EE8B009C9AC9 /* Base */ = {isa = PBXFileReference; lastKnownFileType = file.storyboard; name = Base; path = Base.lproj/Main.storyboard; sourceTree = "<group>"; };
		717AE96E21A3EE8D009C9AC9 /* Assets.xcassets */ = {isa = PBXFileReference; lastKnownFileType = folder.assetcatalog; path = Assets.xcassets; sourceTree = "<group>"; };
		717AE97121A3EE8D009C9AC9 /* Base */ = {isa = PBXFileReference; lastKnownFileType = file.storyboard; name = Base; path = Base.lproj/LaunchScreen.storyboard; sourceTree = "<group>"; };
		717AE97321A3EE8D009C9AC9 /* Info.plist */ = {isa = PBXFileReference; lastKnownFileType = text.plist.xml; path = Info.plist; sourceTree = "<group>"; };
		717AE97421A3EE8D009C9AC9 /* main.m */ = {isa = PBXFileReference; lastKnownFileType = sourcecode.c.objc; path = main.m; sourceTree = "<group>"; };
		717AE97A21A3EE8D009C9AC9 /* TableViewMenuTests.xctest */ = {isa = PBXFileReference; explicitFileType = wrapper.cfbundle; includeInIndex = 0; path = TableViewMenuTests.xctest; sourceTree = BUILT_PRODUCTS_DIR; };
		717AE97E21A3EE8D009C9AC9 /* TableViewMenuTests.m */ = {isa = PBXFileReference; lastKnownFileType = sourcecode.c.objc; path = TableViewMenuTests.m; sourceTree = "<group>"; };
		717AE98021A3EE8D009C9AC9 /* Info.plist */ = {isa = PBXFileReference; lastKnownFileType = text.plist.xml; path = Info.plist; sourceTree = "<group>"; };
		717AE98521A3EE8D009C9AC9 /* TableViewMenuUITests.xctest */ = {isa = PBXFileReference; explicitFileType = wrapper.cfbundle; includeInIndex = 0; path = TableViewMenuUITests.xctest; sourceTree = BUILT_PRODUCTS_DIR; };
		717AE98921A3EE8D009C9AC9 /* TableViewMenuUITests.m */ = {isa = PBXFileReference; lastKnownFileType = sourcecode.c.objc; path = TableViewMenuUITests.m; sourceTree = "<group>"; };
		717AE98B21A3EE8D009C9AC9 /* Info.plist */ = {isa = PBXFileReference; lastKnownFileType = text.plist.xml; path = Info.plist; sourceTree = "<group>"; };
		717AE99921A3EEF3009C9AC9 /* MainTableView.h */ = {isa = PBXFileReference; lastKnownFileType = sourcecode.c.h; path = MainTableView.h; sourceTree = "<group>"; };
		717AE99A21A3EEF3009C9AC9 /* MainTableView.m */ = {isa = PBXFileReference; lastKnownFileType = sourcecode.c.objc; path = MainTableView.m; sourceTree = "<group>"; };
		717AE99C21A3F053009C9AC9 /* SegmentTitleView.h */ = {isa = PBXFileReference; fileEncoding = 4; lastKnownFileType = sourcecode.c.h; path = SegmentTitleView.h; sourceTree = "<group>"; };
		717AE99D21A3F053009C9AC9 /* DetailViewContentView.m */ = {isa = PBXFileReference; fileEncoding = 4; lastKnownFileType = sourcecode.c.objc; path = DetailViewContentView.m; sourceTree = "<group>"; };
		717AE99E21A3F053009C9AC9 /* SegmentTitleView.m */ = {isa = PBXFileReference; fileEncoding = 4; lastKnownFileType = sourcecode.c.objc; path = SegmentTitleView.m; sourceTree = "<group>"; };
		717AE99F21A3F054009C9AC9 /* DetailViewContentView.h */ = {isa = PBXFileReference; fileEncoding = 4; lastKnownFileType = sourcecode.c.h; path = DetailViewContentView.h; sourceTree = "<group>"; };
		717AE9A221A3F1CA009C9AC9 /* ContentCell.h */ = {isa = PBXFileReference; lastKnownFileType = sourcecode.c.h; path = ContentCell.h; sourceTree = "<group>"; };
		717AE9A321A3F1CA009C9AC9 /* ContentCell.m */ = {isa = PBXFileReference; lastKnownFileType = sourcecode.c.objc; path = ContentCell.m; sourceTree = "<group>"; };
		717AE9A521A3F25F009C9AC9 /* SegmentWebViewVC.h */ = {isa = PBXFileReference; lastKnownFileType = sourcecode.c.h; path = SegmentWebViewVC.h; sourceTree = "<group>"; };
		717AE9A621A3F25F009C9AC9 /* SegmentWebViewVC.m */ = {isa = PBXFileReference; lastKnownFileType = sourcecode.c.objc; path = SegmentWebViewVC.m; sourceTree = "<group>"; };
		717AE9A821A3F376009C9AC9 /* SegmentListViewVC.h */ = {isa = PBXFileReference; lastKnownFileType = sourcecode.c.h; path = SegmentListViewVC.h; sourceTree = "<group>"; };
		717AE9A921A3F376009C9AC9 /* SegmentListViewVC.m */ = {isa = PBXFileReference; lastKnownFileType = sourcecode.c.objc; path = SegmentListViewVC.m; sourceTree = "<group>"; };
		717AE9AB21A3F7C1009C9AC9 /* 02.png */ = {isa = PBXFileReference; lastKnownFileType = image.png; path = 02.png; sourceTree = "<group>"; };
		717AE9AC21A3F7C1009C9AC9 /* 01.png */ = {isa = PBXFileReference; lastKnownFileType = image.png; path = 01.png; sourceTree = "<group>"; };
/* End PBXFileReference section */

/* Begin PBXFrameworksBuildPhase section */
		717AE95F21A3EE8A009C9AC9 /* Frameworks */ = {
			isa = PBXFrameworksBuildPhase;
			buildActionMask = 2147483647;
			files = (
			);
			runOnlyForDeploymentPostprocessing = 0;
		};
		717AE97721A3EE8D009C9AC9 /* Frameworks */ = {
			isa = PBXFrameworksBuildPhase;
			buildActionMask = 2147483647;
			files = (
			);
			runOnlyForDeploymentPostprocessing = 0;
		};
		717AE98221A3EE8D009C9AC9 /* Frameworks */ = {
			isa = PBXFrameworksBuildPhase;
			buildActionMask = 2147483647;
			files = (
			);
			runOnlyForDeploymentPostprocessing = 0;
		};
/* End PBXFrameworksBuildPhase section */

/* Begin PBXGroup section */
		717AE95921A3EE8A009C9AC9 = {
			isa = PBXGroup;
			children = (
				717AE96421A3EE8A009C9AC9 /* TableViewMenu */,
				717AE97D21A3EE8D009C9AC9 /* TableViewMenuTests */,
				717AE98821A3EE8D009C9AC9 /* TableViewMenuUITests */,
				717AE96321A3EE8A009C9AC9 /* Products */,
			);
			sourceTree = "<group>";
		};
		717AE96321A3EE8A009C9AC9 /* Products */ = {
			isa = PBXGroup;
			children = (
				717AE96221A3EE8A009C9AC9 /* TableViewMenu.app */,
				717AE97A21A3EE8D009C9AC9 /* TableViewMenuTests.xctest */,
				717AE98521A3EE8D009C9AC9 /* TableViewMenuUITests.xctest */,
			);
			name = Products;
			sourceTree = "<group>";
		};
		717AE96421A3EE8A009C9AC9 /* TableViewMenu */ = {
			isa = PBXGroup;
			children = (
				717AE99821A3EED9009C9AC9 /* img */,
				717AE99721A3EED9009C9AC9 /* TableViewMenuView */,
				717AE96521A3EE8A009C9AC9 /* AppDelegate.h */,
				717AE96621A3EE8A009C9AC9 /* AppDelegate.m */,
				717AE96821A3EE8A009C9AC9 /* ViewController.h */,
				717AE96921A3EE8B009C9AC9 /* ViewController.m */,
				717AE96B21A3EE8B009C9AC9 /* Main.storyboard */,
				717AE96E21A3EE8D009C9AC9 /* Assets.xcassets */,
				717AE97021A3EE8D009C9AC9 /* LaunchScreen.storyboard */,
				717AE97321A3EE8D009C9AC9 /* Info.plist */,
				717AE97421A3EE8D009C9AC9 /* main.m */,
			);
			path = TableViewMenu;
			sourceTree = "<group>";
		};
		717AE97D21A3EE8D009C9AC9 /* TableViewMenuTests */ = {
			isa = PBXGroup;
			children = (
				717AE97E21A3EE8D009C9AC9 /* TableViewMenuTests.m */,
				717AE98021A3EE8D009C9AC9 /* Info.plist */,
			);
			path = TableViewMenuTests;
			sourceTree = "<group>";
		};
		717AE98821A3EE8D009C9AC9 /* TableViewMenuUITests */ = {
			isa = PBXGroup;
			children = (
				717AE98921A3EE8D009C9AC9 /* TableViewMenuUITests.m */,
				717AE98B21A3EE8D009C9AC9 /* Info.plist */,
			);
			path = TableViewMenuUITests;
			sourceTree = "<group>";
		};
		717AE99721A3EED9009C9AC9 /* TableViewMenuView */ = {
			isa = PBXGroup;
			children = (
				717AE99F21A3F054009C9AC9 /* DetailViewContentView.h */,
				717AE99D21A3F053009C9AC9 /* DetailViewContentView.m */,
				717AE99C21A3F053009C9AC9 /* SegmentTitleView.h */,
				717AE99E21A3F053009C9AC9 /* SegmentTitleView.m */,
				717AE99921A3EEF3009C9AC9 /* MainTableView.h */,
				717AE99A21A3EEF3009C9AC9 /* MainTableView.m */,
				717AE9A221A3F1CA009C9AC9 /* ContentCell.h */,
				717AE9A321A3F1CA009C9AC9 /* ContentCell.m */,
				717AE9A521A3F25F009C9AC9 /* SegmentWebViewVC.h */,
				717AE9A621A3F25F009C9AC9 /* SegmentWebViewVC.m */,
				717AE9A821A3F376009C9AC9 /* SegmentListViewVC.h */,
				717AE9A921A3F376009C9AC9 /* SegmentListViewVC.m */,
			);
			path = TableViewMenuView;
			sourceTree = "<group>";
		};
		717AE99821A3EED9009C9AC9 /* img */ = {
			isa = PBXGroup;
			children = (
				717AE9AC21A3F7C1009C9AC9 /* 01.png */,
				717AE9AB21A3F7C1009C9AC9 /* 02.png */,
			);
			path = img;
			sourceTree = "<group>";
		};
/* End PBXGroup section */

/* Begin PBXNativeTarget section */
		717AE96121A3EE8A009C9AC9 /* TableViewMenu */ = {
			isa = PBXNativeTarget;
			buildConfigurationList = 717AE98E21A3EE8D009C9AC9 /* Build configuration list for PBXNativeTarget "TableViewMenu" */;
			buildPhases = (
				717AE95E21A3EE8A009C9AC9 /* Sources */,
				717AE95F21A3EE8A009C9AC9 /* Frameworks */,
				717AE96021A3EE8A009C9AC9 /* Resources */,
			);
			buildRules = (
			);
			dependencies = (
			);
			name = TableViewMenu;
			productName = TableViewMenu;
			productReference = 717AE96221A3EE8A009C9AC9 /* TableViewMenu.app */;
			productType = "com.apple.product-type.application";
		};
		717AE97921A3EE8D009C9AC9 /* TableViewMenuTests */ = {
			isa = PBXNativeTarget;
			buildConfigurationList = 717AE99121A3EE8D009C9AC9 /* Build configuration list for PBXNativeTarget "TableViewMenuTests" */;
			buildPhases = (
				717AE97621A3EE8D009C9AC9 /* Sources */,
				717AE97721A3EE8D009C9AC9 /* Frameworks */,
				717AE97821A3EE8D009C9AC9 /* Resources */,
			);
			buildRules = (
			);
			dependencies = (
				717AE97C21A3EE8D009C9AC9 /* PBXTargetDependency */,
			);
			name = TableViewMenuTests;
			productName = TableViewMenuTests;
			productReference = 717AE97A21A3EE8D009C9AC9 /* TableViewMenuTests.xctest */;
			productType = "com.apple.product-type.bundle.unit-test";
		};
		717AE98421A3EE8D009C9AC9 /* TableViewMenuUITests */ = {
			isa = PBXNativeTarget;
			buildConfigurationList = 717AE99421A3EE8D009C9AC9 /* Build configuration list for PBXNativeTarget "TableViewMenuUITests" */;
			buildPhases = (
				717AE98121A3EE8D009C9AC9 /* Sources */,
				717AE98221A3EE8D009C9AC9 /* Frameworks */,
				717AE98321A3EE8D009C9AC9 /* Resources */,
			);
			buildRules = (
			);
			dependencies = (
				717AE98721A3EE8D009C9AC9 /* PBXTargetDependency */,
			);
			name = TableViewMenuUITests;
			productName = TableViewMenuUITests;
			productReference = 717AE98521A3EE8D009C9AC9 /* TableViewMenuUITests.xctest */;
			productType = "com.apple.product-type.bundle.ui-testing";
		};
/* End PBXNativeTarget section */

/* Begin PBXProject section */
		717AE95A21A3EE8A009C9AC9 /* Project object */ = {
			isa = PBXProject;
			attributes = {
				LastUpgradeCheck = 1010;
				ORGANIZATIONNAME = "李少锋";
				TargetAttributes = {
					717AE96121A3EE8A009C9AC9 = {
						CreatedOnToolsVersion = 10.1;
					};
					717AE97921A3EE8D009C9AC9 = {
						CreatedOnToolsVersion = 10.1;
						TestTargetID = 717AE96121A3EE8A009C9AC9;
					};
					717AE98421A3EE8D009C9AC9 = {
						CreatedOnToolsVersion = 10.1;
						TestTargetID = 717AE96121A3EE8A009C9AC9;
					};
				};
			};
			buildConfigurationList = 717AE95D21A3EE8A009C9AC9 /* Build configuration list for PBXProject "TableViewMenu" */;
			compatibilityVersion = "Xcode 9.3";
			developmentRegion = en;
			hasScannedForEncodings = 0;
			knownRegions = (
				en,
				Base,
			);
			mainGroup = 717AE95921A3EE8A009C9AC9;
			productRefGroup = 717AE96321A3EE8A009C9AC9 /* Products */;
			projectDirPath = "";
			projectRoot = "";
			targets = (
				717AE96121A3EE8A009C9AC9 /* TableViewMenu */,
				717AE97921A3EE8D009C9AC9 /* TableViewMenuTests */,
				717AE98421A3EE8D009C9AC9 /* TableViewMenuUITests */,
			);
		};
/* End PBXProject section */

/* Begin PBXResourcesBuildPhase section */
		717AE96021A3EE8A009C9AC9 /* Resources */ = {
			isa = PBXResourcesBuildPhase;
			buildActionMask = 2147483647;
			files = (
				717AE9AE21A3F7C1009C9AC9 /* 01.png in Resources */,
				717AE97221A3EE8D009C9AC9 /* LaunchScreen.storyboard in Resources */,
				717AE96F21A3EE8D009C9AC9 /* Assets.xcassets in Resources */,
				717AE96D21A3EE8B009C9AC9 /* Main.storyboard in Resources */,
				717AE9AD21A3F7C1009C9AC9 /* 02.png in Resources */,
			);
			runOnlyForDeploymentPostprocessing = 0;
		};
		717AE97821A3EE8D009C9AC9 /* Resources */ = {
			isa = PBXResourcesBuildPhase;
			buildActionMask = 2147483647;
			files = (
			);
			runOnlyForDeploymentPostprocessing = 0;
		};
		717AE98321A3EE8D009C9AC9 /* Resources */ = {
			isa = PBXResourcesBuildPhase;
			buildActionMask = 2147483647;
			files = (
			);
			runOnlyForDeploymentPostprocessing = 0;
		};
/* End PBXResourcesBuildPhase section */

/* Begin PBXSourcesBuildPhase section */
		717AE95E21A3EE8A009C9AC9 /* Sources */ = {
			isa = PBXSourcesBuildPhase;
			buildActionMask = 2147483647;
			files = (
				717AE9A021A3F054009C9AC9 /* DetailViewContentView.m in Sources */,
				717AE9AA21A3F376009C9AC9 /* SegmentListViewVC.m in Sources */,
				717AE9A421A3F1CA009C9AC9 /* ContentCell.m in Sources */,
				717AE9A721A3F25F009C9AC9 /* SegmentWebViewVC.m in Sources */,
				717AE96A21A3EE8B009C9AC9 /* ViewController.m in Sources */,
				717AE97521A3EE8D009C9AC9 /* main.m in Sources */,
				717AE9A121A3F054009C9AC9 /* SegmentTitleView.m in Sources */,
				717AE99B21A3EEF3009C9AC9 /* MainTableView.m in Sources */,
				717AE96721A3EE8A009C9AC9 /* AppDelegate.m in Sources */,
			);
			runOnlyForDeploymentPostprocessing = 0;
		};
		717AE97621A3EE8D009C9AC9 /* Sources */ = {
			isa = PBXSourcesBuildPhase;
			buildActionMask = 2147483647;
			files = (
				717AE97F21A3EE8D009C9AC9 /* TableViewMenuTests.m in Sources */,
			);
			runOnlyForDeploymentPostprocessing = 0;
		};
		717AE98121A3EE8D009C9AC9 /* Sources */ = {
			isa = PBXSourcesBuildPhase;
			buildActionMask = 2147483647;
			files = (
				717AE98A21A3EE8D009C9AC9 /* TableViewMenuUITests.m in Sources */,
			);
			runOnlyForDeploymentPostprocessing = 0;
		};
/* End PBXSourcesBuildPhase section */

/* Begin PBXTargetDependency section */
		717AE97C21A3EE8D009C9AC9 /* PBXTargetDependency */ = {
			isa = PBXTargetDependency;
			target = 717AE96121A3EE8A009C9AC9 /* TableViewMenu */;
			targetProxy = 717AE97B21A3EE8D009C9AC9 /* PBXContainerItemProxy */;
		};
		717AE98721A3EE8D009C9AC9 /* PBXTargetDependency */ = {
			isa = PBXTargetDependency;
			target = 717AE96121A3EE8A009C9AC9 /* TableViewMenu */;
			targetProxy = 717AE98621A3EE8D009C9AC9 /* PBXContainerItemProxy */;
		};
/* End PBXTargetDependency section */

/* Begin PBXVariantGroup section */
		717AE96B21A3EE8B009C9AC9 /* Main.storyboard */ = {
			isa = PBXVariantGroup;
			children = (
				717AE96C21A3EE8B009C9AC9 /* Base */,
			);
			name = Main.storyboard;
			sourceTree = "<group>";
		};
		717AE97021A3EE8D009C9AC9 /* LaunchScreen.storyboard */ = {
			isa = PBXVariantGroup;
			children = (
				717AE97121A3EE8D009C9AC9 /* Base */,
			);
			name = LaunchScreen.storyboard;
			sourceTree = "<group>";
		};
/* End PBXVariantGroup section */

/* Begin XCBuildConfiguration section */
		717AE98C21A3EE8D009C9AC9 /* Debug */ = {
			isa = XCBuildConfiguration;
			buildSettings = {
				ALWAYS_SEARCH_USER_PATHS = NO;
				CLANG_ANALYZER_NONNULL = YES;
				CLANG_ANALYZER_NUMBER_OBJECT_CONVERSION = YES_AGGRESSIVE;
				CLANG_CXX_LANGUAGE_STANDARD = "gnu++14";
				CLANG_CXX_LIBRARY = "libc++";
				CLANG_ENABLE_MODULES = YES;
				CLANG_ENABLE_OBJC_ARC = YES;
				CLANG_ENABLE_OBJC_WEAK = YES;
				CLANG_WARN_BLOCK_CAPTURE_AUTORELEASING = YES;
				CLANG_WARN_BOOL_CONVERSION = YES;
				CLANG_WARN_COMMA = YES;
				CLANG_WARN_CONSTANT_CONVERSION = YES;
				CLANG_WARN_DEPRECATED_OBJC_IMPLEMENTATIONS = YES;
				CLANG_WARN_DIRECT_OBJC_ISA_USAGE = YES_ERROR;
				CLANG_WARN_DOCUMENTATION_COMMENTS = YES;
				CLANG_WARN_EMPTY_BODY = YES;
				CLANG_WARN_ENUM_CONVERSION = YES;
				CLANG_WARN_INFINITE_RECURSION = YES;
				CLANG_WARN_INT_CONVERSION = YES;
				CLANG_WARN_NON_LITERAL_NULL_CONVERSION = YES;
				CLANG_WARN_OBJC_IMPLICIT_RETAIN_SELF = YES;
				CLANG_WARN_OBJC_LITERAL_CONVERSION = YES;
				CLANG_WARN_OBJC_ROOT_CLASS = YES_ERROR;
				CLANG_WARN_RANGE_LOOP_ANALYSIS = YES;
				CLANG_WARN_STRICT_PROTOTYPES = YES;
				CLANG_WARN_SUSPICIOUS_MOVE = YES;
				CLANG_WARN_UNGUARDED_AVAILABILITY = YES_AGGRESSIVE;
				CLANG_WARN_UNREACHABLE_CODE = YES;
				CLANG_WARN__DUPLICATE_METHOD_MATCH = YES;
				CODE_SIGN_IDENTITY = "iPhone Developer";
				COPY_PHASE_STRIP = NO;
				DEBUG_INFORMATION_FORMAT = dwarf;
				ENABLE_STRICT_OBJC_MSGSEND = YES;
				ENABLE_TESTABILITY = YES;
				GCC_C_LANGUAGE_STANDARD = gnu11;
				GCC_DYNAMIC_NO_PIC = NO;
				GCC_NO_COMMON_BLOCKS = YES;
				GCC_OPTIMIZATION_LEVEL = 0;
				GCC_PREPROCESSOR_DEFINITIONS = (
					"DEBUG=1",
					"$(inherited)",
				);
				GCC_WARN_64_TO_32_BIT_CONVERSION = YES;
				GCC_WARN_ABOUT_RETURN_TYPE = YES_ERROR;
				GCC_WARN_UNDECLARED_SELECTOR = YES;
				GCC_WARN_UNINITIALIZED_AUTOS = YES_AGGRESSIVE;
				GCC_WARN_UNUSED_FUNCTION = YES;
				GCC_WARN_UNUSED_VARIABLE = YES;
				IPHONEOS_DEPLOYMENT_TARGET = 12.1;
				MTL_ENABLE_DEBUG_INFO = INCLUDE_SOURCE;
				MTL_FAST_MATH = YES;
				ONLY_ACTIVE_ARCH = YES;
				SDKROOT = iphoneos;
			};
			name = Debug;
		};
		717AE98D21A3EE8D009C9AC9 /* Release */ = {
			isa = XCBuildConfiguration;
			buildSettings = {
				ALWAYS_SEARCH_USER_PATHS = NO;
				CLANG_ANALYZER_NONNULL = YES;
				CLANG_ANALYZER_NUMBER_OBJECT_CONVERSION = YES_AGGRESSIVE;
				CLANG_CXX_LANGUAGE_STANDARD = "gnu++14";
				CLANG_CXX_LIBRARY = "libc++";
				CLANG_ENABLE_MODULES = YES;
				CLANG_ENABLE_OBJC_ARC = YES;
				CLANG_ENABLE_OBJC_WEAK = YES;
				CLANG_WARN_BLOCK_CAPTURE_AUTORELEASING = YES;
				CLANG_WARN_BOOL_CONVERSION = YES;
				CLANG_WARN_COMMA = YES;
				CLANG_WARN_CONSTANT_CONVERSION = YES;
				CLANG_WARN_DEPRECATED_OBJC_IMPLEMENTATIONS = YES;
				CLANG_WARN_DIRECT_OBJC_ISA_USAGE = YES_ERROR;
				CLANG_WARN_DOCUMENTATION_COMMENTS = YES;
				CLANG_WARN_EMPTY_BODY = YES;
				CLANG_WARN_ENUM_CONVERSION = YES;
				CLANG_WARN_INFINITE_RECURSION = YES;
				CLANG_WARN_INT_CONVERSION = YES;
				CLANG_WARN_NON_LITERAL_NULL_CONVERSION = YES;
				CLANG_WARN_OBJC_IMPLICIT_RETAIN_SELF = YES;
				CLANG_WARN_OBJC_LITERAL_CONVERSION = YES;
				CLANG_WARN_OBJC_ROOT_CLASS = YES_ERROR;
				CLANG_WARN_RANGE_LOOP_ANALYSIS = YES;
				CLANG_WARN_STRICT_PROTOTYPES = YES;
				CLANG_WARN_SUSPICIOUS_MOVE = YES;
				CLANG_WARN_UNGUARDED_AVAILABILITY = YES_AGGRESSIVE;
				CLANG_WARN_UNREACHABLE_CODE = YES;
				CLANG_WARN__DUPLICATE_METHOD_MATCH = YES;
				CODE_SIGN_IDENTITY = "iPhone Developer";
				COPY_PHASE_STRIP = NO;
				DEBUG_INFORMATION_FORMAT = "dwarf-with-dsym";
				ENABLE_NS_ASSERTIONS = NO;
				ENABLE_STRICT_OBJC_MSGSEND = YES;
				GCC_C_LANGUAGE_STANDARD = gnu11;
				GCC_NO_COMMON_BLOCKS = YES;
				GCC_WARN_64_TO_32_BIT_CONVERSION = YES;
				GCC_WARN_ABOUT_RETURN_TYPE = YES_ERROR;
				GCC_WARN_UNDECLARED_SELECTOR = YES;
				GCC_WARN_UNINITIALIZED_AUTOS = YES_AGGRESSIVE;
				GCC_WARN_UNUSED_FUNCTION = YES;
				GCC_WARN_UNUSED_VARIABLE = YES;
				IPHONEOS_DEPLOYMENT_TARGET = 12.1;
				MTL_ENABLE_DEBUG_INFO = NO;
				MTL_FAST_MATH = YES;
				SDKROOT = iphoneos;
				VALIDATE_PRODUCT = YES;
			};
			name = Release;
		};
		717AE98F21A3EE8D009C9AC9 /* Debug */ = {
			isa = XCBuildConfiguration;
			buildSettings = {
				ASSETCATALOG_COMPILER_APPICON_NAME = AppIcon;
				CODE_SIGN_STYLE = Automatic;
				DEVELOPMENT_TEAM = BH8H77TR8E;
				INFOPLIST_FILE = TableViewMenu/Info.plist;
				LD_RUNPATH_SEARCH_PATHS = (
					"$(inherited)",
					"@executable_path/Frameworks",
				);
				PRODUCT_BUNDLE_IDENTIFIER = lsf.TableViewMenu;
				PRODUCT_NAME = "$(TARGET_NAME)";
				TARGETED_DEVICE_FAMILY = "1,2";
			};
			name = Debug;
		};
		717AE99021A3EE8D009C9AC9 /* Release */ = {
			isa = XCBuildConfiguration;
			buildSettings = {
				ASSETCATALOG_COMPILER_APPICON_NAME = AppIcon;
				CODE_SIGN_STYLE = Automatic;
				DEVELOPMENT_TEAM = BH8H77TR8E;
				INFOPLIST_FILE = TableViewMenu/Info.plist;
				LD_RUNPATH_SEARCH_PATHS = (
					"$(inherited)",
					"@executable_path/Frameworks",
				);
				PRODUCT_BUNDLE_IDENTIFIER = lsf.TableViewMenu;
				PRODUCT_NAME = "$(TARGET_NAME)";
				TARGETED_DEVICE_FAMILY = "1,2";
			};
			name = Release;
		};
		717AE99221A3EE8D009C9AC9 /* Debug */ = {
			isa = XCBuildConfiguration;
			buildSettings = {
				BUNDLE_LOADER = "$(TEST_HOST)";
				CODE_SIGN_STYLE = Automatic;
				DEVELOPMENT_TEAM = BH8H77TR8E;
				INFOPLIST_FILE = TableViewMenuTests/Info.plist;
				LD_RUNPATH_SEARCH_PATHS = (
					"$(inherited)",
					"@executable_path/Frameworks",
					"@loader_path/Frameworks",
				);
				PRODUCT_BUNDLE_IDENTIFIER = lsf.TableViewMenuTests;
				PRODUCT_NAME = "$(TARGET_NAME)";
				TARGETED_DEVICE_FAMILY = "1,2";
				TEST_HOST = "$(BUILT_PRODUCTS_DIR)/TableViewMenu.app/TableViewMenu";
			};
			name = Debug;
		};
		717AE99321A3EE8D009C9AC9 /* Release */ = {
			isa = XCBuildConfiguration;
			buildSettings = {
				BUNDLE_LOADER = "$(TEST_HOST)";
				CODE_SIGN_STYLE = Automatic;
				DEVELOPMENT_TEAM = BH8H77TR8E;
				INFOPLIST_FILE = TableViewMenuTests/Info.plist;
				LD_RUNPATH_SEARCH_PATHS = (
					"$(inherited)",
					"@executable_path/Frameworks",
					"@loader_path/Frameworks",
				);
				PRODUCT_BUNDLE_IDENTIFIER = lsf.TableViewMenuTests;
				PRODUCT_NAME = "$(TARGET_NAME)";
				TARGETED_DEVICE_FAMILY = "1,2";
				TEST_HOST = "$(BUILT_PRODUCTS_DIR)/TableViewMenu.app/TableViewMenu";
			};
			name = Release;
		};
		717AE99521A3EE8D009C9AC9 /* Debug */ = {
			isa = XCBuildConfiguration;
			buildSettings = {
				CODE_SIGN_STYLE = Automatic;
				DEVELOPMENT_TEAM = BH8H77TR8E;
				INFOPLIST_FILE = TableViewMenuUITests/Info.plist;
				LD_RUNPATH_SEARCH_PATHS = (
					"$(inherited)",
					"@executable_path/Frameworks",
					"@loader_path/Frameworks",
				);
				PRODUCT_BUNDLE_IDENTIFIER = lsf.TableViewMenuUITests;
				PRODUCT_NAME = "$(TARGET_NAME)";
				TARGETED_DEVICE_FAMILY = "1,2";
				TEST_TARGET_NAME = TableViewMenu;
			};
			name = Debug;
		};
		717AE99621A3EE8D009C9AC9 /* Release */ = {
			isa = XCBuildConfiguration;
			buildSettings = {
				CODE_SIGN_STYLE = Automatic;
				DEVELOPMENT_TEAM = BH8H77TR8E;
				INFOPLIST_FILE = TableViewMenuUITests/Info.plist;
				LD_RUNPATH_SEARCH_PATHS = (
					"$(inherited)",
					"@executable_path/Frameworks",
					"@loader_path/Frameworks",
				);
				PRODUCT_BUNDLE_IDENTIFIER = lsf.TableViewMenuUITests;
				PRODUCT_NAME = "$(TARGET_NAME)";
				TARGETED_DEVICE_FAMILY = "1,2";
				TEST_TARGET_NAME = TableViewMenu;
			};
			name = Release;
		};
/* End XCBuildConfiguration section */

/* Begin XCConfigurationList section */
		717AE95D21A3EE8A009C9AC9 /* Build configuration list for PBXProject "TableViewMenu" */ = {
			isa = XCConfigurationList;
			buildConfigurations = (
				717AE98C21A3EE8D009C9AC9 /* Debug */,
				717AE98D21A3EE8D009C9AC9 /* Release */,
			);
			defaultConfigurationIsVisible = 0;
			defaultConfigurationName = Release;
		};
		717AE98E21A3EE8D009C9AC9 /* Build configuration list for PBXNativeTarget "TableViewMenu" */ = {
			isa = XCConfigurationList;
			buildConfigurations = (
				717AE98F21A3EE8D009C9AC9 /* Debug */,
				717AE99021A3EE8D009C9AC9 /* Release */,
			);
			defaultConfigurationIsVisible = 0;
			defaultConfigurationName = Release;
		};
		717AE99121A3EE8D009C9AC9 /* Build configuration list for PBXNativeTarget "TableViewMenuTests" */ = {
			isa = XCConfigurationList;
			buildConfigurations = (
				717AE99221A3EE8D009C9AC9 /* Debug */,
				717AE99321A3EE8D009C9AC9 /* Release */,
			);
			defaultConfigurationIsVisible = 0;
			defaultConfigurationName = Release;
		};
		717AE99421A3EE8D009C9AC9 /* Build configuration list for PBXNativeTarget "TableViewMenuUITests" */ = {
			isa = XCConfigurationList;
			buildConfigurations = (
				717AE99521A3EE8D009C9AC9 /* Debug */,
				717AE99621A3EE8D009C9AC9 /* Release */,
			);
			defaultConfigurationIsVisible = 0;
			defaultConfigurationName = Release;
		};
/* End XCConfigurationList section */
	};
	rootObject = 717AE95A21A3EE8A009C9AC9 /* Project object */;
}
